// !$*UTF8*$!
{
	archiveVersion = 1;
	classes = {
	};
	objectVersion = 46;
	objects = {

/* Begin PBXBuildFile section */
		07E26E2D18179F70005CD5A4 /* Foundation.framework in Frameworks */ = {isa = PBXBuildFile; fileRef = 07E26E2C18179F70005CD5A4 /* Foundation.framework */; };
		07E26E2F18179F70005CD5A4 /* CoreGraphics.framework in Frameworks */ = {isa = PBXBuildFile; fileRef = 07E26E2E18179F70005CD5A4 /* CoreGraphics.framework */; };
		07E26E3118179F70005CD5A4 /* UIKit.framework in Frameworks */ = {isa = PBXBuildFile; fileRef = 07E26E3018179F70005CD5A4 /* UIKit.framework */; };
		07E26E3718179F70005CD5A4 /* InfoPlist.strings in Resources */ = {isa = PBXBuildFile; fileRef = 07E26E3518179F70005CD5A4 /* InfoPlist.strings */; };
		07E26E3918179F70005CD5A4 /* main.m in Sources */ = {isa = PBXBuildFile; fileRef = 07E26E3818179F70005CD5A4 /* main.m */; };
		07E26E3D18179F70005CD5A4 /* BCAppDelegate.m in Sources */ = {isa = PBXBuildFile; fileRef = 07E26E3C18179F70005CD5A4 /* BCAppDelegate.m */; };
		07E26E4018179F70005CD5A4 /* Main.storyboard in Resources */ = {isa = PBXBuildFile; fileRef = 07E26E3E18179F70005CD5A4 /* Main.storyboard */; };
		07E26E4318179F70005CD5A4 /* BCViewController.m in Sources */ = {isa = PBXBuildFile; fileRef = 07E26E4218179F70005CD5A4 /* BCViewController.m */; };
		07E26E4518179F70005CD5A4 /* Images.xcassets in Resources */ = {isa = PBXBuildFile; fileRef = 07E26E4418179F70005CD5A4 /* Images.xcassets */; };
		07E26E4C18179F70005CD5A4 /* XCTest.framework in Frameworks */ = {isa = PBXBuildFile; fileRef = 07E26E4B18179F70005CD5A4 /* XCTest.framework */; };
		07E26E4D18179F70005CD5A4 /* Foundation.framework in Frameworks */ = {isa = PBXBuildFile; fileRef = 07E26E2C18179F70005CD5A4 /* Foundation.framework */; };
		07E26E4E18179F70005CD5A4 /* UIKit.framework in Frameworks */ = {isa = PBXBuildFile; fileRef = 07E26E3018179F70005CD5A4 /* UIKit.framework */; };
		07E26E5618179F70005CD5A4 /* InfoPlist.strings in Resources */ = {isa = PBXBuildFile; fileRef = 07E26E5418179F70005CD5A4 /* InfoPlist.strings */; };
		07E26E5818179F70005CD5A4 /* iBeaconDemoTests.m in Sources */ = {isa = PBXBuildFile; fileRef = 07E26E5718179F70005CD5A4 /* iBeaconDemoTests.m */; };
		07E26E631817A173005CD5A4 /* BCConfigViewController.m in Sources */ = {isa = PBXBuildFile; fileRef = 07E26E621817A173005CD5A4 /* BCConfigViewController.m */; };
		07E26E661817A17F005CD5A4 /* BCTrackViewController.m in Sources */ = {isa = PBXBuildFile; fileRef = 07E26E651817A17F005CD5A4 /* BCTrackViewController.m */; };
		07E26E681817A3C5005CD5A4 /* CoreBluetooth.framework in Frameworks */ = {isa = PBXBuildFile; fileRef = 07E26E671817A3C5005CD5A4 /* CoreBluetooth.framework */; };
		07E26E6A1817A3CB005CD5A4 /* CoreLocation.framework in Frameworks */ = {isa = PBXBuildFile; fileRef = 07E26E691817A3CB005CD5A4 /* CoreLocation.framework */; };
/* End PBXBuildFile section */

/* Begin PBXContainerItemProxy section */
		07E26E4F18179F70005CD5A4 /* PBXContainerItemProxy */ = {
			isa = PBXContainerItemProxy;
			containerPortal = 07E26E2118179F6F005CD5A4 /* Project object */;
			proxyType = 1;
			remoteGlobalIDString = 07E26E2818179F70005CD5A4;
			remoteInfo = iBeaconDemo;
		};
/* End PBXContainerItemProxy section */

/* Begin PBXFileReference section */
		07E26E2918179F70005CD5A4 /* iBeaconDemo.app */ = {isa = PBXFileReference; explicitFileType = wrapper.application; includeInIndex = 0; path = iBeaconDemo.app; sourceTree = BUILT_PRODUCTS_DIR; };
		07E26E2C18179F70005CD5A4 /* Foundation.framework */ = {isa = PBXFileReference; lastKnownFileType = wrapper.framework; name = Foundation.framework; path = System/Library/Frameworks/Foundation.framework; sourceTree = SDKROOT; };
		07E26E2E18179F70005CD5A4 /* CoreGraphics.framework */ = {isa = PBXFileReference; lastKnownFileType = wrapper.framework; name = CoreGraphics.framework; path = System/Library/Frameworks/CoreGraphics.framework; sourceTree = SDKROOT; };
		07E26E3018179F70005CD5A4 /* UIKit.framework */ = {isa = PBXFileReference; lastKnownFileType = wrapper.framework; name = UIKit.framework; path = System/Library/Frameworks/UIKit.framework; sourceTree = SDKROOT; };
		07E26E3418179F70005CD5A4 /* iBeaconDemo-Info.plist */ = {isa = PBXFileReference; lastKnownFileType = text.plist.xml; path = "iBeaconDemo-Info.plist"; sourceTree = "<group>"; };
		07E26E3618179F70005CD5A4 /* en */ = {isa = PBXFileReference; lastKnownFileType = text.plist.strings; name = en; path = en.lproj/InfoPlist.strings; sourceTree = "<group>"; };
		07E26E3818179F70005CD5A4 /* main.m */ = {isa = PBXFileReference; lastKnownFileType = sourcecode.c.objc; path = main.m; sourceTree = "<group>"; };
		07E26E3A18179F70005CD5A4 /* iBeaconDemo-Prefix.pch */ = {isa = PBXFileReference; lastKnownFileType = sourcecode.c.h; path = "iBeaconDemo-Prefix.pch"; sourceTree = "<group>"; };
		07E26E3B18179F70005CD5A4 /* BCAppDelegate.h */ = {isa = PBXFileReference; lastKnownFileType = sourcecode.c.h; path = BCAppDelegate.h; sourceTree = "<group>"; };
		07E26E3C18179F70005CD5A4 /* BCAppDelegate.m */ = {isa = PBXFileReference; lastKnownFileType = sourcecode.c.objc; path = BCAppDelegate.m; sourceTree = "<group>"; };
		07E26E3F18179F70005CD5A4 /* Base */ = {isa = PBXFileReference; lastKnownFileType = file.storyboard; name = Base; path = Base.lproj/Main.storyboard; sourceTree = "<group>"; };
		07E26E4118179F70005CD5A4 /* BCViewController.h */ = {isa = PBXFileReference; lastKnownFileType = sourcecode.c.h; path = BCViewController.h; sourceTree = "<group>"; };
		07E26E4218179F70005CD5A4 /* BCViewController.m */ = {isa = PBXFileReference; lastKnownFileType = sourcecode.c.objc; path = BCViewController.m; sourceTree = "<group>"; };
		07E26E4418179F70005CD5A4 /* Images.xcassets */ = {isa = PBXFileReference; lastKnownFileType = folder.assetcatalog; path = Images.xcassets; sourceTree = "<group>"; };
		07E26E4A18179F70005CD5A4 /* iBeaconDemoTests.xctest */ = {isa = PBXFileReference; explicitFileType = wrapper.cfbundle; includeInIndex = 0; path = iBeaconDemoTests.xctest; sourceTree = BUILT_PRODUCTS_DIR; };
		07E26E4B18179F70005CD5A4 /* XCTest.framework */ = {isa = PBXFileReference; lastKnownFileType = wrapper.framework; name = XCTest.framework; path = Library/Frameworks/XCTest.framework; sourceTree = DEVELOPER_DIR; };
		07E26E5318179F70005CD5A4 /* iBeaconDemoTests-Info.plist */ = {isa = PBXFileReference; lastKnownFileType = text.plist.xml; path = "iBeaconDemoTests-Info.plist"; sourceTree = "<group>"; };
		07E26E5518179F70005CD5A4 /* en */ = {isa = PBXFileReference; lastKnownFileType = text.plist.strings; name = en; path = en.lproj/InfoPlist.strings; sourceTree = "<group>"; };
		07E26E5718179F70005CD5A4 /* iBeaconDemoTests.m */ = {isa = PBXFileReference; lastKnownFileType = sourcecode.c.objc; path = iBeaconDemoTests.m; sourceTree = "<group>"; };
		07E26E611817A173005CD5A4 /* BCConfigViewController.h */ = {isa = PBXFileReference; fileEncoding = 4; lastKnownFileType = sourcecode.c.h; path = BCConfigViewController.h; sourceTree = "<group>"; };
		07E26E621817A173005CD5A4 /* BCConfigViewController.m */ = {isa = PBXFileReference; fileEncoding = 4; lastKnownFileType = sourcecode.c.objc; path = BCConfigViewController.m; sourceTree = "<group>"; };
		07E26E641817A17F005CD5A4 /* BCTrackViewController.h */ = {isa = PBXFileReference; fileEncoding = 4; lastKnownFileType = sourcecode.c.h; path = BCTrackViewController.h; sourceTree = "<group>"; };
		07E26E651817A17F005CD5A4 /* BCTrackViewController.m */ = {isa = PBXFileReference; fileEncoding = 4; lastKnownFileType = sourcecode.c.objc; path = BCTrackViewController.m; sourceTree = "<group>"; };
		07E26E671817A3C5005CD5A4 /* CoreBluetooth.framework */ = {isa = PBXFileReference; lastKnownFileType = wrapper.framework; name = CoreBluetooth.framework; path = System/Library/Frameworks/CoreBluetooth.framework; sourceTree = SDKROOT; };
		07E26E691817A3CB005CD5A4 /* CoreLocation.framework */ = {isa = PBXFileReference; lastKnownFileType = wrapper.framework; name = CoreLocation.framework; path = System/Library/Frameworks/CoreLocation.framework; sourceTree = SDKROOT; };
/* End PBXFileReference section */

/* Begin PBXFrameworksBuildPhase section */
		07E26E2618179F70005CD5A4 /* Frameworks */ = {
			isa = PBXFrameworksBuildPhase;
			buildActionMask = 2147483647;
			files = (
				07E26E6A1817A3CB005CD5A4 /* CoreLocation.framework in Frameworks */,
				07E26E681817A3C5005CD5A4 /* CoreBluetooth.framework in Frameworks */,
				07E26E2F18179F70005CD5A4 /* CoreGraphics.framework in Frameworks */,
				07E26E3118179F70005CD5A4 /* UIKit.framework in Frameworks */,
				07E26E2D18179F70005CD5A4 /* Foundation.framework in Frameworks */,
			);
			runOnlyForDeploymentPostprocessing = 0;
		};
		07E26E4718179F70005CD5A4 /* Frameworks */ = {
			isa = PBXFrameworksBuildPhase;
			buildActionMask = 2147483647;
			files = (
				07E26E4C18179F70005CD5A4 /* XCTest.framework in Frameworks */,
				07E26E4E18179F70005CD5A4 /* UIKit.framework in Frameworks */,
				07E26E4D18179F70005CD5A4 /* Foundation.framework in Frameworks */,
			);
			runOnlyForDeploymentPostprocessing = 0;
		};
/* End PBXFrameworksBuildPhase section */

/* Begin PBXGroup section */
		07E26E2018179F6F005CD5A4 = {
			isa = PBXGroup;
			children = (
				07E26E3218179F70005CD5A4 /* iBeaconDemo */,
				07E26E5118179F70005CD5A4 /* iBeaconDemoTests */,
				07E26E2B18179F70005CD5A4 /* Frameworks */,
				07E26E2A18179F70005CD5A4 /* Products */,
			);
			sourceTree = "<group>";
		};
		07E26E2A18179F70005CD5A4 /* Products */ = {
			isa = PBXGroup;
			children = (
				07E26E2918179F70005CD5A4 /* iBeaconDemo.app */,
				07E26E4A18179F70005CD5A4 /* iBeaconDemoTests.xctest */,
			);
			name = Products;
			sourceTree = "<group>";
		};
		07E26E2B18179F70005CD5A4 /* Frameworks */ = {
			isa = PBXGroup;
			children = (
				07E26E691817A3CB005CD5A4 /* CoreLocation.framework */,
				07E26E671817A3C5005CD5A4 /* CoreBluetooth.framework */,
				07E26E2C18179F70005CD5A4 /* Foundation.framework */,
				07E26E2E18179F70005CD5A4 /* CoreGraphics.framework */,
				07E26E3018179F70005CD5A4 /* UIKit.framework */,
				07E26E4B18179F70005CD5A4 /* XCTest.framework */,
			);
			name = Frameworks;
			sourceTree = "<group>";
		};
		07E26E3218179F70005CD5A4 /* iBeaconDemo */ = {
			isa = PBXGroup;
			children = (
				07E26E3B18179F70005CD5A4 /* BCAppDelegate.h */,
				07E26E3C18179F70005CD5A4 /* BCAppDelegate.m */,
				07E26E3E18179F70005CD5A4 /* Main.storyboard */,
				07E26E4118179F70005CD5A4 /* BCViewController.h */,
				07E26E4218179F70005CD5A4 /* BCViewController.m */,
				07E26E4418179F70005CD5A4 /* Images.xcassets */,
				07E26E3318179F70005CD5A4 /* Supporting Files */,
				07E26E611817A173005CD5A4 /* BCConfigViewController.h */,
				07E26E621817A173005CD5A4 /* BCConfigViewController.m */,
				07E26E641817A17F005CD5A4 /* BCTrackViewController.h */,
				07E26E651817A17F005CD5A4 /* BCTrackViewController.m */,
			);
			path = iBeaconDemo;
			sourceTree = "<group>";
		};
		07E26E3318179F70005CD5A4 /* Supporting Files */ = {
			isa = PBXGroup;
			children = (
				07E26E3418179F70005CD5A4 /* iBeaconDemo-Info.plist */,
				07E26E3518179F70005CD5A4 /* InfoPlist.strings */,
				07E26E3818179F70005CD5A4 /* main.m */,
				07E26E3A18179F70005CD5A4 /* iBeaconDemo-Prefix.pch */,
			);
			name = "Supporting Files";
			sourceTree = "<group>";
		};
		07E26E5118179F70005CD5A4 /* iBeaconDemoTests */ = {
			isa = PBXGroup;
			children = (
				07E26E5718179F70005CD5A4 /* iBeaconDemoTests.m */,
				07E26E5218179F70005CD5A4 /* Supporting Files */,
			);
			path = iBeaconDemoTests;
			sourceTree = "<group>";
		};
		07E26E5218179F70005CD5A4 /* Supporting Files */ = {
			isa = PBXGroup;
			children = (
				07E26E5318179F70005CD5A4 /* iBeaconDemoTests-Info.plist */,
				07E26E5418179F70005CD5A4 /* InfoPlist.strings */,
			);
			name = "Supporting Files";
			sourceTree = "<group>";
		};
/* End PBXGroup section */

/* Begin PBXNativeTarget section */
		07E26E2818179F70005CD5A4 /* iBeaconDemo */ = {
			isa = PBXNativeTarget;
			buildConfigurationList = 07E26E5B18179F70005CD5A4 /* Build configuration list for PBXNativeTarget "iBeaconDemo" */;
			buildPhases = (
				07E26E2518179F70005CD5A4 /* Sources */,
				07E26E2618179F70005CD5A4 /* Frameworks */,
				07E26E2718179F70005CD5A4 /* Resources */,
			);
			buildRules = (
			);
			dependencies = (
			);
			name = iBeaconDemo;
			productName = iBeaconDemo;
			productReference = 07E26E2918179F70005CD5A4 /* iBeaconDemo.app */;
			productType = "com.apple.product-type.application";
		};
		07E26E4918179F70005CD5A4 /* iBeaconDemoTests */ = {
			isa = PBXNativeTarget;
			buildConfigurationList = 07E26E5E18179F70005CD5A4 /* Build configuration list for PBXNativeTarget "iBeaconDemoTests" */;
			buildPhases = (
				07E26E4618179F70005CD5A4 /* Sources */,
				07E26E4718179F70005CD5A4 /* Frameworks */,
				07E26E4818179F70005CD5A4 /* Resources */,
			);
			buildRules = (
			);
			dependencies = (
				07E26E5018179F70005CD5A4 /* PBXTargetDependency */,
			);
			name = iBeaconDemoTests;
			productName = iBeaconDemoTests;
			productReference = 07E26E4A18179F70005CD5A4 /* iBeaconDemoTests.xctest */;
			productType = "com.apple.product-type.bundle.unit-test";
		};
/* End PBXNativeTarget section */

/* Begin PBXProject section */
		07E26E2118179F6F005CD5A4 /* Project object */ = {
			isa = PBXProject;
			attributes = {
				CLASSPREFIX = BC;
				LastUpgradeCheck = 0500;
				ORGANIZATIONNAME = giginet;
				TargetAttributes = {
					07E26E4918179F70005CD5A4 = {
						TestTargetID = 07E26E2818179F70005CD5A4;
					};
				};
			};
			buildConfigurationList = 07E26E2418179F6F005CD5A4 /* Build configuration list for PBXProject "iBeaconDemo" */;
			compatibilityVersion = "Xcode 3.2";
			developmentRegion = English;
			hasScannedForEncodings = 0;
			knownRegions = (
				en,
				Base,
			);
			mainGroup = 07E26E2018179F6F005CD5A4;
			productRefGroup = 07E26E2A18179F70005CD5A4 /* Products */;
			projectDirPath = "";
			projectRoot = "";
			targets = (
				07E26E2818179F70005CD5A4 /* iBeaconDemo */,
				07E26E4918179F70005CD5A4 /* iBeaconDemoTests */,
			);
		};
/* End PBXProject section */

/* Begin PBXResourcesBuildPhase section */
		07E26E2718179F70005CD5A4 /* Resources */ = {
			isa = PBXResourcesBuildPhase;
			buildActionMask = 2147483647;
			files = (
				07E26E4518179F70005CD5A4 /* Images.xcassets in Resources */,
				07E26E3718179F70005CD5A4 /* InfoPlist.strings in Resources */,
				07E26E4018179F70005CD5A4 /* Main.storyboard in Resources */,
			);
			runOnlyForDeploymentPostprocessing = 0;
		};
		07E26E4818179F70005CD5A4 /* Resources */ = {
			isa = PBXResourcesBuildPhase;
			buildActionMask = 2147483647;
			files = (
				07E26E5618179F70005CD5A4 /* InfoPlist.strings in Resources */,
			);
			runOnlyForDeploymentPostprocessing = 0;
		};
/* End PBXResourcesBuildPhase section */

/* Begin PBXSourcesBuildPhase section */
		07E26E2518179F70005CD5A4 /* Sources */ = {
			isa = PBXSourcesBuildPhase;
			buildActionMask = 2147483647;
			files = (
				07E26E661817A17F005CD5A4 /* BCTrackViewController.m in Sources */,
				07E26E4318179F70005CD5A4 /* BCViewController.m in Sources */,
				07E26E631817A173005CD5A4 /* BCConfigViewController.m in Sources */,
				07E26E3918179F70005CD5A4 /* main.m in Sources */,
				07E26E3D18179F70005CD5A4 /* BCAppDelegate.m in Sources */,
			);
			runOnlyForDeploymentPostprocessing = 0;
		};
		07E26E4618179F70005CD5A4 /* Sources */ = {
			isa = PBXSourcesBuildPhase;
			buildActionMask = 2147483647;
			files = (
				07E26E5818179F70005CD5A4 /* iBeaconDemoTests.m in Sources */,
			);
			runOnlyForDeploymentPostprocessing = 0;
		};
/* End PBXSourcesBuildPhase section */

/* Begin PBXTargetDependency section */
		07E26E5018179F70005CD5A4 /* PBXTargetDependency */ = {
			isa = PBXTargetDependency;
			target = 07E26E2818179F70005CD5A4 /* iBeaconDemo */;
			targetProxy = 07E26E4F18179F70005CD5A4 /* PBXContainerItemProxy */;
		};
/* End PBXTargetDependency section */

/* Begin PBXVariantGroup section */
		07E26E3518179F70005CD5A4 /* InfoPlist.strings */ = {
			isa = PBXVariantGroup;
			children = (
				07E26E3618179F70005CD5A4 /* en */,
			);
			name = InfoPlist.strings;
			sourceTree = "<group>";
		};
		07E26E3E18179F70005CD5A4 /* Main.storyboard */ = {
			isa = PBXVariantGroup;
			children = (
				07E26E3F18179F70005CD5A4 /* Base */,
			);
			name = Main.storyboard;
			sourceTree = "<group>";
		};
		07E26E5418179F70005CD5A4 /* InfoPlist.strings */ = {
			isa = PBXVariantGroup;
			children = (
				07E26E5518179F70005CD5A4 /* en */,
			);
			name = InfoPlist.strings;
			sourceTree = "<group>";
		};
/* End PBXVariantGroup section */

/* Begin XCBuildConfiguration section */
		07E26E5918179F70005CD5A4 /* Debug */ = {
			isa = XCBuildConfiguration;
			buildSettings = {
				ALWAYS_SEARCH_USER_PATHS = NO;
				ARCHS = "$(ARCHS_STANDARD_INCLUDING_64_BIT)";
				CLANG_CXX_LANGUAGE_STANDARD = "gnu++0x";
				CLANG_CXX_LIBRARY = "libc++";
				CLANG_ENABLE_MODULES = YES;
				CLANG_ENABLE_OBJC_ARC = YES;
				CLANG_WARN_BOOL_CONVERSION = YES;
				CLANG_WARN_CONSTANT_CONVERSION = YES;
				CLANG_WARN_DIRECT_OBJC_ISA_USAGE = YES_ERROR;
				CLANG_WARN_EMPTY_BODY = YES;
				CLANG_WARN_ENUM_CONVERSION = YES;
				CLANG_WARN_INT_CONVERSION = YES;
				CLANG_WARN_OBJC_ROOT_CLASS = YES_ERROR;
				CLANG_WARN__DUPLICATE_METHOD_MATCH = YES;
				"CODE_SIGN_IDENTITY[sdk=iphoneos*]" = "iPhone Developer";
				COPY_PHASE_STRIP = NO;
				GCC_C_LANGUAGE_STANDARD = gnu99;
				GCC_DYNAMIC_NO_PIC = NO;
				GCC_OPTIMIZATION_LEVEL = 0;
				GCC_PREPROCESSOR_DEFINITIONS = (
					"DEBUG=1",
					"$(inherited)",
				);
				GCC_SYMBOLS_PRIVATE_EXTERN = NO;
				GCC_WARN_64_TO_32_BIT_CONVERSION = YES;
				GCC_WARN_ABOUT_RETURN_TYPE = YES_ERROR;
				GCC_WARN_UNDECLARED_SELECTOR = YES;
				GCC_WARN_UNINITIALIZED_AUTOS = YES;
				GCC_WARN_UNUSED_FUNCTION = YES;
				GCC_WARN_UNUSED_VARIABLE = YES;
				IPHONEOS_DEPLOYMENT_TARGET = 7.0;
				ONLY_ACTIVE_ARCH = YES;
				SDKROOT = iphoneos;
			};
			name = Debug;
		};
		07E26E5A18179F70005CD5A4 /* Release */ = {
			isa = XCBuildConfiguration;
			buildSettings = {
				ALWAYS_SEARCH_USER_PATHS = NO;
				ARCHS = "$(ARCHS_STANDARD_INCLUDING_64_BIT)";
				CLANG_CXX_LANGUAGE_STANDARD = "gnu++0x";
				CLANG_CXX_LIBRARY = "libc++";
				CLANG_ENABLE_MODULES = YES;
				CLANG_ENABLE_OBJC_ARC = YES;
				CLANG_WARN_BOOL_CONVERSION = YES;
				CLANG_WARN_CONSTANT_CONVERSION = YES;
				CLANG_WARN_DIRECT_OBJC_ISA_USAGE = YES_ERROR;
				CLANG_WARN_EMPTY_BODY = YES;
				CLANG_WARN_ENUM_CONVERSION = YES;
				CLANG_WARN_INT_CONVERSION = YES;
				CLANG_WARN_OBJC_ROOT_CLASS = YES_ERROR;
				CLANG_WARN__DUPLICATE_METHOD_MATCH = YES;
				"CODE_SIGN_IDENTITY[sdk=iphoneos*]" = "iPhone Developer";
				COPY_PHASE_STRIP = YES;
				ENABLE_NS_ASSERTIONS = NO;
				GCC_C_LANGUAGE_STANDARD = gnu99;
				GCC_WARN_64_TO_32_BIT_CONVERSION = YES;
				GCC_WARN_ABOUT_RETURN_TYPE = YES_ERROR;
				GCC_WARN_UNDECLARED_SELECTOR = YES;
				GCC_WARN_UNINITIALIZED_AUTOS = YES;
				GCC_WARN_UNUSED_FUNCTION = YES;
				GCC_WARN_UNUSED_VARIABLE = YES;
				IPHONEOS_DEPLOYMENT_TARGET = 7.0;
				SDKROOT = iphoneos;
				VALIDATE_PRODUCT = YES;
			};
			name = Release;
		};
		07E26E5C18179F70005CD5A4 /* Debug */ = {
			isa = XCBuildConfiguration;
			buildSettings = {
				ASSETCATALOG_COMPILER_APPICON_NAME = AppIcon;
				ASSETCATALOG_COMPILER_LAUNCHIMAGE_NAME = LaunchImage;
				CODE_SIGN_IDENTITY = "iPhone Developer: Kohki Miki (3YM67K3AKM)";
				GCC_PRECOMPILE_PREFIX_HEADER = YES;
				GCC_PREFIX_HEADER = "iBeaconDemo/iBeaconDemo-Prefix.pch";
				INFOPLIST_FILE = "iBeaconDemo/iBeaconDemo-Info.plist";
				PRODUCT_NAME = "$(TARGET_NAME)";
				WRAPPER_EXTENSION = app;
			};
			name = Debug;
		};
		07E26E5D18179F70005CD5A4 /* Release */ = {
			isa = XCBuildConfiguration;
			buildSettings = {
				ASSETCATALOG_COMPILER_APPICON_NAME = AppIcon;
				ASSETCATALOG_COMPILER_LAUNCHIMAGE_NAME = LaunchImage;
				CODE_SIGN_IDENTITY = "iPhone Developer: Kohki Miki (3YM67K3AKM)";
				GCC_PRECOMPILE_PREFIX_HEADER = YES;
				GCC_PREFIX_HEADER = "iBeaconDemo/iBeaconDemo-Prefix.pch";
				INFOPLIST_FILE = "iBeaconDemo/iBeaconDemo-Info.plist";
				PRODUCT_NAME = "$(TARGET_NAME)";
				WRAPPER_EXTENSION = app;
			};
			name = Release;
		};
		07E26E5F18179F70005CD5A4 /* Debug */ = {
			isa = XCBuildConfiguration;
			buildSettings = {
				ARCHS = "$(ARCHS_STANDARD_INCLUDING_64_BIT)";
				BUNDLE_LOADER = "$(BUILT_PRODUCTS_DIR)/iBeaconDemo.app/iBeaconDemo";
				FRAMEWORK_SEARCH_PATHS = (
					"$(SDKROOT)/Developer/Library/Frameworks",
					"$(inherited)",
					"$(DEVELOPER_FRAMEWORKS_DIR)",
				);
				GCC_PRECOMPILE_PREFIX_HEADER = YES;
				GCC_PREFIX_HEADER = "iBeaconDemo/iBeaconDemo-Prefix.pch";
				GCC_PREPROCESSOR_DEFINITIONS = (
					"DEBUG=1",
					"$(inherited)",
				);
				INFOPLIST_FILE = "iBeaconDemoTests/iBeaconDemoTests-Info.plist";
				PRODUCT_NAME = "$(TARGET_NAME)";
				TEST_HOST = "$(BUNDLE_LOADER)";
				WRAPPER_EXTENSION = xctest;
			};
			name = Debug;
		};
		07E26E6018179F70005CD5A4 /* Release */ = {
			isa = XCBuildConfiguration;
			buildSettings = {
				ARCHS = "$(ARCHS_STANDARD_INCLUDING_64_BIT)";
				BUNDLE_LOADER = "$(BUILT_PRODUCTS_DIR)/iBeaconDemo.app/iBeaconDemo";
				FRAMEWORK_SEARCH_PATHS = (
					"$(SDKROOT)/Developer/Library/Frameworks",
					"$(inherited)",
					"$(DEVELOPER_FRAMEWORKS_DIR)",
				);
				GCC_PRECOMPILE_PREFIX_HEADER = YES;
				GCC_PREFIX_HEADER = "iBeaconDemo/iBeaconDemo-Prefix.pch";
				INFOPLIST_FILE = "iBeaconDemoTests/iBeaconDemoTests-Info.plist";
				PRODUCT_NAME = "$(TARGET_NAME)";
				TEST_HOST = "$(BUNDLE_LOADER)";
				WRAPPER_EXTENSION = xctest;
			};
			name = Release;
		};
/* End XCBuildConfiguration section */

/* Begin XCConfigurationList section */
		07E26E2418179F6F005CD5A4 /* Build configuration list for PBXProject "iBeaconDemo" */ = {
			isa = XCConfigurationList;
			buildConfigurations = (
				07E26E5918179F70005CD5A4 /* Debug */,
				07E26E5A18179F70005CD5A4 /* Release */,
			);
			defaultConfigurationIsVisible = 0;
			defaultConfigurationName = Release;
		};
		07E26E5B18179F70005CD5A4 /* Build configuration list for PBXNativeTarget "iBeaconDemo" */ = {
			isa = XCConfigurationList;
			buildConfigurations = (
				07E26E5C18179F70005CD5A4 /* Debug */,
				07E26E5D18179F70005CD5A4 /* Release */,
			);
			defaultConfigurationIsVisible = 0;
			defaultConfigurationName = Release;
		};
		07E26E5E18179F70005CD5A4 /* Build configuration list for PBXNativeTarget "iBeaconDemoTests" */ = {
			isa = XCConfigurationList;
			buildConfigurations = (
				07E26E5F18179F70005CD5A4 /* Debug */,
				07E26E6018179F70005CD5A4 /* Release */,
			);
			defaultConfigurationIsVisible = 0;
			defaultConfigurationName = Release;
		};
/* End XCConfigurationList section */
	};
	rootObject = 07E26E2118179F6F005CD5A4 /* Project object */;
}
